{
  "name": "eigenvue-prod-verification",
  "version": "1.0.1",
  "lockfileVersion": 3,
  "requires": true,
  "packages": {
    "": {
      "name": "eigenvue-prod-verification",
      "version": "1.0.1",
      "dependencies": {
        "eigenvue": "1.0.1"
      }
    },
    "node_modules/eigenvue": {
      "version": "1.0.1",
      "resolved": "https://registry.npmjs.org/eigenvue/-/eigenvue-1.0.1.tgz",
      "integrity": "sha512-7lnQm++BX7c0CAt94RDsaElkfTlTB1ijiwVnEk0MLcrZl05koqbv9R5hOBa/cZeRO6vSZPgH4w02ezNTExBBrA==",
      "license": "MIT",
      "bin": {
        "eigenvue": "dist/cli.js"
      },
      "engines": {
        "node": ">=18.0.0"
      }
    }
  }
}
